// !$*UTF8*$!
{
	archiveVersion = 1;
	classes = {
	};
	objectVersion = 50;
	objects = {

/* Begin PBXBuildFile section */
		C62703E022E5CD7700403C5E /* PreviewController.swift in Sources */ = {isa = PBXBuildFile; fileRef = C62703DF22E5CD7700403C5E /* PreviewController.swift */; };
		DDA2CA0822E1CD3500B62F88 /* Preview.storyboard in Resources */ = {isa = PBXBuildFile; fileRef = DDA2CA0722E1CD3500B62F88 /* Preview.storyboard */; };
		DDA2CA0B22E1CF6500B62F88 /* Record.storyboard in Resources */ = {isa = PBXBuildFile; fileRef = DDA2CA0A22E1CF6500B62F88 /* Record.storyboard */; };
		DDA2CA0D22E1D48300B62F88 /* Editor.storyboard in Resources */ = {isa = PBXBuildFile; fileRef = DDA2CA0C22E1D48300B62F88 /* Editor.storyboard */; };
		DDA2CA1022E1DF2300B62F88 /* RecordViewController.swift in Sources */ = {isa = PBXBuildFile; fileRef = DDA2CA0F22E1DF2300B62F88 /* RecordViewController.swift */; };
		DDA2CA1222E1E9BE00B62F88 /* EditorViewController.swift in Sources */ = {isa = PBXBuildFile; fileRef = DDA2CA1122E1E9BE00B62F88 /* EditorViewController.swift */; };
		DDA2CA4722E7286F00B62F88 /* RecordStatusModel.swift in Sources */ = {isa = PBXBuildFile; fileRef = DDA2CA4422E7286F00B62F88 /* RecordStatusModel.swift */; };
		DDA2CA4822E7286F00B62F88 /* RecordCameraModel.swift in Sources */ = {isa = PBXBuildFile; fileRef = DDA2CA4522E7286F00B62F88 /* RecordCameraModel.swift */; };
		DDA2CA4922E7286F00B62F88 /* FloatAlertModel.swift in Sources */ = {isa = PBXBuildFile; fileRef = DDA2CA4622E7286F00B62F88 /* FloatAlertModel.swift */; };
		DDB2B1BA22DDA4A600337D56 /* AppDelegate.swift in Sources */ = {isa = PBXBuildFile; fileRef = DDB2B1B922DDA4A600337D56 /* AppDelegate.swift */; };
		DDB2B1BC22DDA4A600337D56 /* MainViewController.swift in Sources */ = {isa = PBXBuildFile; fileRef = DDB2B1BB22DDA4A600337D56 /* MainViewController.swift */; };
		DDB2B1BF22DDA4A600337D56 /* Main.storyboard in Resources */ = {isa = PBXBuildFile; fileRef = DDB2B1BD22DDA4A600337D56 /* Main.storyboard */; };
		DDB2B1C122DDA4A700337D56 /* Assets.xcassets in Resources */ = {isa = PBXBuildFile; fileRef = DDB2B1C022DDA4A700337D56 /* Assets.xcassets */; };
		DDB2B1C422DDA4A700337D56 /* LaunchScreen.storyboard in Resources */ = {isa = PBXBuildFile; fileRef = DDB2B1C222DDA4A700337D56 /* LaunchScreen.storyboard */; };
/* End PBXBuildFile section */

/* Begin PBXFileReference section */
		C62703DF22E5CD7700403C5E /* PreviewController.swift */ = {isa = PBXFileReference; lastKnownFileType = sourcecode.swift; path = PreviewController.swift; sourceTree = "<group>"; };
		DDA2CA0722E1CD3500B62F88 /* Preview.storyboard */ = {isa = PBXFileReference; lastKnownFileType = file.storyboard; path = Preview.storyboard; sourceTree = "<group>"; };
		DDA2CA0A22E1CF6500B62F88 /* Record.storyboard */ = {isa = PBXFileReference; lastKnownFileType = file.storyboard; path = Record.storyboard; sourceTree = "<group>"; };
		DDA2CA0C22E1D48300B62F88 /* Editor.storyboard */ = {isa = PBXFileReference; lastKnownFileType = file.storyboard; path = Editor.storyboard; sourceTree = "<group>"; };
		DDA2CA0F22E1DF2300B62F88 /* RecordViewController.swift */ = {isa = PBXFileReference; lastKnownFileType = sourcecode.swift; path = RecordViewController.swift; sourceTree = "<group>"; };
		DDA2CA1122E1E9BE00B62F88 /* EditorViewController.swift */ = {isa = PBXFileReference; lastKnownFileType = sourcecode.swift; path = EditorViewController.swift; sourceTree = "<group>"; };
		DDA2CA4422E7286F00B62F88 /* RecordStatusModel.swift */ = {isa = PBXFileReference; fileEncoding = 4; lastKnownFileType = sourcecode.swift; path = RecordStatusModel.swift; sourceTree = "<group>"; };
		DDA2CA4522E7286F00B62F88 /* RecordCameraModel.swift */ = {isa = PBXFileReference; fileEncoding = 4; lastKnownFileType = sourcecode.swift; path = RecordCameraModel.swift; sourceTree = "<group>"; };
		DDA2CA4622E7286F00B62F88 /* FloatAlertModel.swift */ = {isa = PBXFileReference; fileEncoding = 4; lastKnownFileType = sourcecode.swift; path = FloatAlertModel.swift; sourceTree = "<group>"; };
		DDB2B1B622DDA4A600337D56 /* HiMoveIt.app */ = {isa = PBXFileReference; explicitFileType = wrapper.application; includeInIndex = 0; path = HiMoveIt.app; sourceTree = BUILT_PRODUCTS_DIR; };
		DDB2B1B922DDA4A600337D56 /* AppDelegate.swift */ = {isa = PBXFileReference; lastKnownFileType = sourcecode.swift; path = AppDelegate.swift; sourceTree = "<group>"; };
		DDB2B1BB22DDA4A600337D56 /* MainViewController.swift */ = {isa = PBXFileReference; lastKnownFileType = sourcecode.swift; path = MainViewController.swift; sourceTree = "<group>"; };
		DDB2B1BE22DDA4A600337D56 /* Base */ = {isa = PBXFileReference; lastKnownFileType = file.storyboard; name = Base; path = Base.lproj/Main.storyboard; sourceTree = "<group>"; };
		DDB2B1C022DDA4A700337D56 /* Assets.xcassets */ = {isa = PBXFileReference; lastKnownFileType = folder.assetcatalog; path = Assets.xcassets; sourceTree = "<group>"; };
		DDB2B1C322DDA4A700337D56 /* Base */ = {isa = PBXFileReference; lastKnownFileType = file.storyboard; name = Base; path = Base.lproj/LaunchScreen.storyboard; sourceTree = "<group>"; };
		DDB2B1C522DDA4A700337D56 /* Info.plist */ = {isa = PBXFileReference; lastKnownFileType = text.plist.xml; path = Info.plist; sourceTree = "<group>"; };
/* End PBXFileReference section */

/* Begin PBXFrameworksBuildPhase section */
		DDB2B1B322DDA4A600337D56 /* Frameworks */ = {
			isa = PBXFrameworksBuildPhase;
			buildActionMask = 2147483647;
			files = (
			);
			runOnlyForDeploymentPostprocessing = 0;
		};
/* End PBXFrameworksBuildPhase section */

/* Begin PBXGroup section */
		C6F1324B22E6FB8400B0C02A /* ExtendedModels */ = {
			isa = PBXGroup;
			children = (
				DDA2CA4622E7286F00B62F88 /* FloatAlertModel.swift */,
				DDA2CA4522E7286F00B62F88 /* RecordCameraModel.swift */,
				DDA2CA4422E7286F00B62F88 /* RecordStatusModel.swift */,
			);
			path = ExtendedModels;
			sourceTree = "<group>";
		};
		DDA2CA0922E1CE5000B62F88 /* storyboards */ = {
			isa = PBXGroup;
			children = (
				DDB2B1BD22DDA4A600337D56 /* Main.storyboard */,
				DDA2CA0722E1CD3500B62F88 /* Preview.storyboard */,
				DDA2CA0A22E1CF6500B62F88 /* Record.storyboard */,
				DDA2CA0C22E1D48300B62F88 /* Editor.storyboard */,
			);
			path = storyboards;
			sourceTree = "<group>";
		};
		DDA2CA0E22E1D4F700B62F88 /* ViewControllers */ = {
			isa = PBXGroup;
			children = (
				DDB2B1BB22DDA4A600337D56 /* MainViewController.swift */,
				DDA2CA0F22E1DF2300B62F88 /* RecordViewController.swift */,
				DDA2CA1122E1E9BE00B62F88 /* EditorViewController.swift */,
				C62703DF22E5CD7700403C5E /* PreviewController.swift */,
			);
			path = ViewControllers;
			sourceTree = "<group>";
		};
		DDB2B1AD22DDA4A600337D56 = {
			isa = PBXGroup;
			children = (
				DDB2B1B822DDA4A600337D56 /* HiMoveIt */,
				DDB2B1B722DDA4A600337D56 /* Products */,
			);
			sourceTree = "<group>";
		};
		DDB2B1B722DDA4A600337D56 /* Products */ = {
			isa = PBXGroup;
			children = (
				DDB2B1B622DDA4A600337D56 /* HiMoveIt.app */,
			);
			name = Products;
			sourceTree = "<group>";
		};
		DDB2B1B822DDA4A600337D56 /* HiMoveIt */ = {
			isa = PBXGroup;
			children = (
				C6F1324B22E6FB8400B0C02A /* ExtendedModels */,
				DDA2CA0E22E1D4F700B62F88 /* ViewControllers */,
				DDA2CA0922E1CE5000B62F88 /* storyboards */,
				DDB2B1B922DDA4A600337D56 /* AppDelegate.swift */,
				DDB2B1C022DDA4A700337D56 /* Assets.xcassets */,
				DDB2B1C222DDA4A700337D56 /* LaunchScreen.storyboard */,
				DDB2B1C522DDA4A700337D56 /* Info.plist */,
			);
			path = HiMoveIt;
			sourceTree = "<group>";
		};
/* End PBXGroup section */

/* Begin PBXNativeTarget section */
		DDB2B1B522DDA4A600337D56 /* HiMoveIt */ = {
			isa = PBXNativeTarget;
			buildConfigurationList = DDB2B1C822DDA4A700337D56 /* Build configuration list for PBXNativeTarget "HiMoveIt" */;
			buildPhases = (
				DDB2B1B222DDA4A600337D56 /* Sources */,
				DDB2B1B322DDA4A600337D56 /* Frameworks */,
				DDB2B1B422DDA4A600337D56 /* Resources */,
			);
			buildRules = (
			);
			dependencies = (
			);
			name = HiMoveIt;
			productName = HiMoveIt;
			productReference = DDB2B1B622DDA4A600337D56 /* HiMoveIt.app */;
			productType = "com.apple.product-type.application";
		};
/* End PBXNativeTarget section */

/* Begin PBXProject section */
		DDB2B1AE22DDA4A600337D56 /* Project object */ = {
			isa = PBXProject;
			attributes = {
				LastSwiftUpdateCheck = 1020;
				LastUpgradeCheck = 1020;
				ORGANIZATIONNAME = jwmsg;
				TargetAttributes = {
					DDB2B1B522DDA4A600337D56 = {
						CreatedOnToolsVersion = 10.2.1;
					};
				};
			};
			buildConfigurationList = DDB2B1B122DDA4A600337D56 /* Build configuration list for PBXProject "HiMoveIt" */;
			compatibilityVersion = "Xcode 9.3";
			developmentRegion = en;
			hasScannedForEncodings = 0;
			knownRegions = (
				en,
				Base,
			);
			mainGroup = DDB2B1AD22DDA4A600337D56;
			productRefGroup = DDB2B1B722DDA4A600337D56 /* Products */;
			projectDirPath = "";
			projectRoot = "";
			targets = (
				DDB2B1B522DDA4A600337D56 /* HiMoveIt */,
			);
		};
/* End PBXProject section */

/* Begin PBXResourcesBuildPhase section */
		DDB2B1B422DDA4A600337D56 /* Resources */ = {
			isa = PBXResourcesBuildPhase;
			buildActionMask = 2147483647;
			files = (
				DDB2B1C422DDA4A700337D56 /* LaunchScreen.storyboard in Resources */,
				DDB2B1C122DDA4A700337D56 /* Assets.xcassets in Resources */,
				DDB2B1BF22DDA4A600337D56 /* Main.storyboard in Resources */,
				DDA2CA0822E1CD3500B62F88 /* Preview.storyboard in Resources */,
				DDA2CA0B22E1CF6500B62F88 /* Record.storyboard in Resources */,
				DDA2CA0D22E1D48300B62F88 /* Editor.storyboard in Resources */,
			);
			runOnlyForDeploymentPostprocessing = 0;
		};
/* End PBXResourcesBuildPhase section */

/* Begin PBXSourcesBuildPhase section */
		DDB2B1B222DDA4A600337D56 /* Sources */ = {
			isa = PBXSourcesBuildPhase;
			buildActionMask = 2147483647;
			files = (
				DDA2CA1022E1DF2300B62F88 /* RecordViewController.swift in Sources */,
				DDB2B1BC22DDA4A600337D56 /* MainViewController.swift in Sources */,
				DDA2CA4722E7286F00B62F88 /* RecordStatusModel.swift in Sources */,
				DDA2CA4922E7286F00B62F88 /* FloatAlertModel.swift in Sources */,
				DDB2B1BA22DDA4A600337D56 /* AppDelegate.swift in Sources */,
				C62703E022E5CD7700403C5E /* PreviewController.swift in Sources */,
				DDA2CA1222E1E9BE00B62F88 /* EditorViewController.swift in Sources */,
				DDA2CA4822E7286F00B62F88 /* RecordCameraModel.swift in Sources */,
			);
			runOnlyForDeploymentPostprocessing = 0;
		};
/* End PBXSourcesBuildPhase section */

/* Begin PBXVariantGroup section */
		DDB2B1BD22DDA4A600337D56 /* Main.storyboard */ = {
			isa = PBXVariantGroup;
			children = (
				DDB2B1BE22DDA4A600337D56 /* Base */,
			);
			name = Main.storyboard;
			sourceTree = "<group>";
		};
		DDB2B1C222DDA4A700337D56 /* LaunchScreen.storyboard */ = {
			isa = PBXVariantGroup;
			children = (
				DDB2B1C322DDA4A700337D56 /* Base */,
			);
			name = LaunchScreen.storyboard;
			sourceTree = "<group>";
		};
/* End PBXVariantGroup section */

/* Begin XCBuildConfiguration section */
		DDB2B1C622DDA4A700337D56 /* Debug */ = {
			isa = XCBuildConfiguration;
			buildSettings = {
				ALWAYS_SEARCH_USER_PATHS = NO;
				CLANG_ANALYZER_NONNULL = YES;
				CLANG_ANALYZER_NUMBER_OBJECT_CONVERSION = YES_AGGRESSIVE;
				CLANG_CXX_LANGUAGE_STANDARD = "gnu++14";
				CLANG_CXX_LIBRARY = "libc++";
				CLANG_ENABLE_MODULES = YES;
				CLANG_ENABLE_OBJC_ARC = YES;
				CLANG_ENABLE_OBJC_WEAK = YES;
				CLANG_WARN_BLOCK_CAPTURE_AUTORELEASING = YES;
				CLANG_WARN_BOOL_CONVERSION = YES;
				CLANG_WARN_COMMA = YES;
				CLANG_WARN_CONSTANT_CONVERSION = YES;
				CLANG_WARN_DEPRECATED_OBJC_IMPLEMENTATIONS = YES;
				CLANG_WARN_DIRECT_OBJC_ISA_USAGE = YES_ERROR;
				CLANG_WARN_DOCUMENTATION_COMMENTS = YES;
				CLANG_WARN_EMPTY_BODY = YES;
				CLANG_WARN_ENUM_CONVERSION = YES;
				CLANG_WARN_INFINITE_RECURSION = YES;
				CLANG_WARN_INT_CONVERSION = YES;
				CLANG_WARN_NON_LITERAL_NULL_CONVERSION = YES;
				CLANG_WARN_OBJC_IMPLICIT_RETAIN_SELF = YES;
				CLANG_WARN_OBJC_LITERAL_CONVERSION = YES;
				CLANG_WARN_OBJC_ROOT_CLASS = YES_ERROR;
				CLANG_WARN_RANGE_LOOP_ANALYSIS = YES;
				CLANG_WARN_STRICT_PROTOTYPES = YES;
				CLANG_WARN_SUSPICIOUS_MOVE = YES;
				CLANG_WARN_UNGUARDED_AVAILABILITY = YES_AGGRESSIVE;
				CLANG_WARN_UNREACHABLE_CODE = YES;
				CLANG_WARN__DUPLICATE_METHOD_MATCH = YES;
				CODE_SIGN_IDENTITY = "iPhone Developer";
				COPY_PHASE_STRIP = NO;
				DEBUG_INFORMATION_FORMAT = dwarf;
				ENABLE_STRICT_OBJC_MSGSEND = YES;
				ENABLE_TESTABILITY = YES;
				GCC_C_LANGUAGE_STANDARD = gnu11;
				GCC_DYNAMIC_NO_PIC = NO;
				GCC_NO_COMMON_BLOCKS = YES;
				GCC_OPTIMIZATION_LEVEL = 0;
				GCC_PREPROCESSOR_DEFINITIONS = (
					"DEBUG=1",
					"$(inherited)",
				);
				GCC_WARN_64_TO_32_BIT_CONVERSION = YES;
				GCC_WARN_ABOUT_RETURN_TYPE = YES_ERROR;
				GCC_WARN_UNDECLARED_SELECTOR = YES;
				GCC_WARN_UNINITIALIZED_AUTOS = YES_AGGRESSIVE;
				GCC_WARN_UNUSED_FUNCTION = YES;
				GCC_WARN_UNUSED_VARIABLE = YES;
				IPHONEOS_DEPLOYMENT_TARGET = 12.2;
				MTL_ENABLE_DEBUG_INFO = INCLUDE_SOURCE;
				MTL_FAST_MATH = YES;
				ONLY_ACTIVE_ARCH = YES;
				SDKROOT = iphoneos;
				SWIFT_ACTIVE_COMPILATION_CONDITIONS = DEBUG;
				SWIFT_OPTIMIZATION_LEVEL = "-Onone";
			};
			name = Debug;
		};
		DDB2B1C722DDA4A700337D56 /* Release */ = {
			isa = XCBuildConfiguration;
			buildSettings = {
				ALWAYS_SEARCH_USER_PATHS = NO;
				CLANG_ANALYZER_NONNULL = YES;
				CLANG_ANALYZER_NUMBER_OBJECT_CONVERSION = YES_AGGRESSIVE;
				CLANG_CXX_LANGUAGE_STANDARD = "gnu++14";
				CLANG_CXX_LIBRARY = "libc++";
				CLANG_ENABLE_MODULES = YES;
				CLANG_ENABLE_OBJC_ARC = YES;
				CLANG_ENABLE_OBJC_WEAK = YES;
				CLANG_WARN_BLOCK_CAPTURE_AUTORELEASING = YES;
				CLANG_WARN_BOOL_CONVERSION = YES;
				CLANG_WARN_COMMA = YES;
				CLANG_WARN_CONSTANT_CONVERSION = YES;
				CLANG_WARN_DEPRECATED_OBJC_IMPLEMENTATIONS = YES;
				CLANG_WARN_DIRECT_OBJC_ISA_USAGE = YES_ERROR;
				CLANG_WARN_DOCUMENTATION_COMMENTS = YES;
				CLANG_WARN_EMPTY_BODY = YES;
				CLANG_WARN_ENUM_CONVERSION = YES;
				CLANG_WARN_INFINITE_RECURSION = YES;
				CLANG_WARN_INT_CONVERSION = YES;
				CLANG_WARN_NON_LITERAL_NULL_CONVERSION = YES;
				CLANG_WARN_OBJC_IMPLICIT_RETAIN_SELF = YES;
				CLANG_WARN_OBJC_LITERAL_CONVERSION = YES;
				CLANG_WARN_OBJC_ROOT_CLASS = YES_ERROR;
				CLANG_WARN_RANGE_LOOP_ANALYSIS = YES;
				CLANG_WARN_STRICT_PROTOTYPES = YES;
				CLANG_WARN_SUSPICIOUS_MOVE = YES;
				CLANG_WARN_UNGUARDED_AVAILABILITY = YES_AGGRESSIVE;
				CLANG_WARN_UNREACHABLE_CODE = YES;
				CLANG_WARN__DUPLICATE_METHOD_MATCH = YES;
				CODE_SIGN_IDENTITY = "iPhone Developer";
				COPY_PHASE_STRIP = NO;
				DEBUG_INFORMATION_FORMAT = "dwarf-with-dsym";
				ENABLE_NS_ASSERTIONS = NO;
				ENABLE_STRICT_OBJC_MSGSEND = YES;
				GCC_C_LANGUAGE_STANDARD = gnu11;
				GCC_NO_COMMON_BLOCKS = YES;
				GCC_WARN_64_TO_32_BIT_CONVERSION = YES;
				GCC_WARN_ABOUT_RETURN_TYPE = YES_ERROR;
				GCC_WARN_UNDECLARED_SELECTOR = YES;
				GCC_WARN_UNINITIALIZED_AUTOS = YES_AGGRESSIVE;
				GCC_WARN_UNUSED_FUNCTION = YES;
				GCC_WARN_UNUSED_VARIABLE = YES;
				IPHONEOS_DEPLOYMENT_TARGET = 12.2;
				MTL_ENABLE_DEBUG_INFO = NO;
				MTL_FAST_MATH = YES;
				SDKROOT = iphoneos;
				SWIFT_COMPILATION_MODE = wholemodule;
				SWIFT_OPTIMIZATION_LEVEL = "-O";
				VALIDATE_PRODUCT = YES;
			};
			name = Release;
		};
		DDB2B1C922DDA4A700337D56 /* Debug */ = {
			isa = XCBuildConfiguration;
			buildSettings = {
				ASSETCATALOG_COMPILER_APPICON_NAME = AppIcon;
				CODE_SIGN_IDENTITY = "iPhone Developer";
				CODE_SIGN_STYLE = Manual;
				DEVELOPMENT_TEAM = "";
				INFOPLIST_FILE = HiMoveIt/Info.plist;
				LD_RUNPATH_SEARCH_PATHS = (
					"$(inherited)",
					"@executable_path/Frameworks",
				);
				PRODUCT_BUNDLE_IDENTIFIER = kr.jwmsg.HiMoveIt;
				PRODUCT_NAME = "$(TARGET_NAME)";
				PROVISIONING_PROFILE_SPECIFIER = "";
				SWIFT_VERSION = 5.0;
				TARGETED_DEVICE_FAMILY = "1,2";
			};
			name = Debug;
		};
		DDB2B1CA22DDA4A700337D56 /* Release */ = {
			isa = XCBuildConfiguration;
			buildSettings = {
				ASSETCATALOG_COMPILER_APPICON_NAME = AppIcon;
				CODE_SIGN_IDENTITY = "iPhone Developer";
				CODE_SIGN_STYLE = Manual;
				DEVELOPMENT_TEAM = "";
				INFOPLIST_FILE = HiMoveIt/Info.plist;
				LD_RUNPATH_SEARCH_PATHS = (
					"$(inherited)",
					"@executable_path/Frameworks",
				);
				PRODUCT_BUNDLE_IDENTIFIER = kr.jwmsg.HiMoveIt;
				PRODUCT_NAME = "$(TARGET_NAME)";
				PROVISIONING_PROFILE_SPECIFIER = "";
				SWIFT_VERSION = 5.0;
				TARGETED_DEVICE_FAMILY = "1,2";
			};
			name = Release;
		};
/* End XCBuildConfiguration section */

/* Begin XCConfigurationList section */
		DDB2B1B122DDA4A600337D56 /* Build configuration list for PBXProject "HiMoveIt" */ = {
			isa = XCConfigurationList;
			buildConfigurations = (
				DDB2B1C622DDA4A700337D56 /* Debug */,
				DDB2B1C722DDA4A700337D56 /* Release */,
			);
			defaultConfigurationIsVisible = 0;
			defaultConfigurationName = Release;
		};
		DDB2B1C822DDA4A700337D56 /* Build configuration list for PBXNativeTarget "HiMoveIt" */ = {
			isa = XCConfigurationList;
			buildConfigurations = (
				DDB2B1C922DDA4A700337D56 /* Debug */,
				DDB2B1CA22DDA4A700337D56 /* Release */,
			);
			defaultConfigurationIsVisible = 0;
			defaultConfigurationName = Release;
		};
/* End XCConfigurationList section */
	};
	rootObject = DDB2B1AE22DDA4A600337D56 /* Project object */;
}
